{
  "originHash" : "00f372f6016414ed5c10885cec6bf9adb6f2d2ee9c22d6548326765710694f17",
  "pins" : [
    {
      "identity" : "ioscrypto",
      "kind" : "remoteSourceControl",
      "location" : "https://github.com/the-best-is-best/IOSCrypto",
      "state" : {
        "revision" : "6c57d1fb60d2a95d44e1a3fd0a2caeb0a5193e34",
        "version" : "0.1.0"
      }
    }
  ],
  "version" : 3
}
