{
  "originHash" : "70f575856199c5fbabf373c39010e44c5825657bf459d3f30287d152c479a5c7",
  "pins" : [
    {
      "identity" : "ioscryptointerop",
      "kind" : "remoteSourceControl",
      "location" : "https://github.com/the-best-is-best/IOSCryptoInterop",
      "state" : {
        "revision" : "4fc8aa4a1af0794d08eebd275d2fff3ea79704a8",
        "version" : "1.0.0"
      }
    }
  ],
  "version" : 3
}
